// !$*UTF8*$!
{
	archiveVersion = 1;
	classes = {
	};
	objectVersion = 50;
	objects = {

/* Begin PBXBuildFile section */
		42245A2F239DF8DD004A8E89 /* AppDelegate.swift in Sources */ = {isa = PBXBuildFile; fileRef = 42245A2E239DF8DD004A8E89 /* AppDelegate.swift */; };
		42245A31239DF8DD004A8E89 /* SceneDelegate.swift in Sources */ = {isa = PBXBuildFile; fileRef = 42245A30239DF8DD004A8E89 /* SceneDelegate.swift */; };
		42245A33239DF8DD004A8E89 /* ContentView.swift in Sources */ = {isa = PBXBuildFile; fileRef = 42245A32239DF8DD004A8E89 /* ContentView.swift */; };
		42245A35239DF8E2004A8E89 /* Assets.xcassets in Resources */ = {isa = PBXBuildFile; fileRef = 42245A34239DF8E2004A8E89 /* Assets.xcassets */; };
		42245A38239DF8E2004A8E89 /* Preview Assets.xcassets in Resources */ = {isa = PBXBuildFile; fileRef = 42245A37239DF8E2004A8E89 /* Preview Assets.xcassets */; };
		42245A3B239DF8E2004A8E89 /* LaunchScreen.storyboard in Resources */ = {isa = PBXBuildFile; fileRef = 42245A39239DF8E2004A8E89 /* LaunchScreen.storyboard */; };
		42245A46239DF8E3004A8E89 /* MusicArchive_SwiftUITests.swift in Sources */ = {isa = PBXBuildFile; fileRef = 42245A45239DF8E3004A8E89 /* MusicArchive_SwiftUITests.swift */; };
		42245A51239DF8E3004A8E89 /* MusicArchive_SwiftUIUITests.swift in Sources */ = {isa = PBXBuildFile; fileRef = 42245A50239DF8E3004A8E89 /* MusicArchive_SwiftUIUITests.swift */; };
		42245A61239E07AF004A8E89 /* ArchiveClient.swift in Sources */ = {isa = PBXBuildFile; fileRef = 42245A60239E07AF004A8E89 /* ArchiveClient.swift */; };
		42245A68239E0ACC004A8E89 /* ContentRow.swift in Sources */ = {isa = PBXBuildFile; fileRef = 42245A67239E0ACC004A8E89 /* ContentRow.swift */; };
		42245A6A239E0ADC004A8E89 /* AudioBar.swift in Sources */ = {isa = PBXBuildFile; fileRef = 42245A69239E0ADC004A8E89 /* AudioBar.swift */; };
		42245A6C239E0BEE004A8E89 /* Song.swift in Sources */ = {isa = PBXBuildFile; fileRef = 42245A6B239E0BEE004A8E89 /* Song.swift */; };
		42245A6E239E0BF6004A8E89 /* Artist.swift in Sources */ = {isa = PBXBuildFile; fileRef = 42245A6D239E0BF6004A8E89 /* Artist.swift */; };
		42245A70239E0BFE004A8E89 /* Album.swift in Sources */ = {isa = PBXBuildFile; fileRef = 42245A6F239E0BFE004A8E89 /* Album.swift */; };
		42245A72239E0C09004A8E89 /* Playlist.swift in Sources */ = {isa = PBXBuildFile; fileRef = 42245A71239E0C09004A8E89 /* Playlist.swift */; };
		4282160923A6F56900180FBE /* ContentObserver.swift in Sources */ = {isa = PBXBuildFile; fileRef = 4282160823A6F56900180FBE /* ContentObserver.swift */; };
		4282160B23A7003600180FBE /* AudioPlayer.swift in Sources */ = {isa = PBXBuildFile; fileRef = 4282160A23A7003600180FBE /* AudioPlayer.swift */; };
		4DBC4EED23AC3B6C006BD946 /* Array+Extensions.swift in Sources */ = {isa = PBXBuildFile; fileRef = 4DBC4EEC23AC3B6C006BD946 /* Array+Extensions.swift */; };
/* End PBXBuildFile section */

/* Begin PBXContainerItemProxy section */
		42245A42239DF8E3004A8E89 /* PBXContainerItemProxy */ = {
			isa = PBXContainerItemProxy;
			containerPortal = 42245A23239DF8DD004A8E89 /* Project object */;
			proxyType = 1;
			remoteGlobalIDString = 42245A2A239DF8DD004A8E89;
			remoteInfo = "MusicArchive-SwiftUI";
		};
		42245A4D239DF8E3004A8E89 /* PBXContainerItemProxy */ = {
			isa = PBXContainerItemProxy;
			containerPortal = 42245A23239DF8DD004A8E89 /* Project object */;
			proxyType = 1;
			remoteGlobalIDString = 42245A2A239DF8DD004A8E89;
			remoteInfo = "MusicArchive-SwiftUI";
		};
/* End PBXContainerItemProxy section */

/* Begin PBXFileReference section */
		42245A2B239DF8DD004A8E89 /* MusicArchive-SwiftUI.app */ = {isa = PBXFileReference; explicitFileType = wrapper.application; includeInIndex = 0; path = "MusicArchive-SwiftUI.app"; sourceTree = BUILT_PRODUCTS_DIR; };
		42245A2E239DF8DD004A8E89 /* AppDelegate.swift */ = {isa = PBXFileReference; lastKnownFileType = sourcecode.swift; path = AppDelegate.swift; sourceTree = "<group>"; };
		42245A30239DF8DD004A8E89 /* SceneDelegate.swift */ = {isa = PBXFileReference; lastKnownFileType = sourcecode.swift; path = SceneDelegate.swift; sourceTree = "<group>"; };
		42245A32239DF8DD004A8E89 /* ContentView.swift */ = {isa = PBXFileReference; lastKnownFileType = sourcecode.swift; path = ContentView.swift; sourceTree = "<group>"; };
		42245A34239DF8E2004A8E89 /* Assets.xcassets */ = {isa = PBXFileReference; lastKnownFileType = folder.assetcatalog; path = Assets.xcassets; sourceTree = "<group>"; };
		42245A37239DF8E2004A8E89 /* Preview Assets.xcassets */ = {isa = PBXFileReference; lastKnownFileType = folder.assetcatalog; path = "Preview Assets.xcassets"; sourceTree = "<group>"; };
		42245A3A239DF8E2004A8E89 /* Base */ = {isa = PBXFileReference; lastKnownFileType = file.storyboard; name = Base; path = Base.lproj/LaunchScreen.storyboard; sourceTree = "<group>"; };
		42245A3C239DF8E2004A8E89 /* Info.plist */ = {isa = PBXFileReference; lastKnownFileType = text.plist.xml; path = Info.plist; sourceTree = "<group>"; };
		42245A41239DF8E3004A8E89 /* MusicArchive-SwiftUITests.xctest */ = {isa = PBXFileReference; explicitFileType = wrapper.cfbundle; includeInIndex = 0; path = "MusicArchive-SwiftUITests.xctest"; sourceTree = BUILT_PRODUCTS_DIR; };
		42245A45239DF8E3004A8E89 /* MusicArchive_SwiftUITests.swift */ = {isa = PBXFileReference; lastKnownFileType = sourcecode.swift; path = MusicArchive_SwiftUITests.swift; sourceTree = "<group>"; };
		42245A47239DF8E3004A8E89 /* Info.plist */ = {isa = PBXFileReference; lastKnownFileType = text.plist.xml; path = Info.plist; sourceTree = "<group>"; };
		42245A4C239DF8E3004A8E89 /* MusicArchive-SwiftUIUITests.xctest */ = {isa = PBXFileReference; explicitFileType = wrapper.cfbundle; includeInIndex = 0; path = "MusicArchive-SwiftUIUITests.xctest"; sourceTree = BUILT_PRODUCTS_DIR; };
		42245A50239DF8E3004A8E89 /* MusicArchive_SwiftUIUITests.swift */ = {isa = PBXFileReference; lastKnownFileType = sourcecode.swift; path = MusicArchive_SwiftUIUITests.swift; sourceTree = "<group>"; };
		42245A52239DF8E3004A8E89 /* Info.plist */ = {isa = PBXFileReference; lastKnownFileType = text.plist.xml; path = Info.plist; sourceTree = "<group>"; };
		42245A60239E07AF004A8E89 /* ArchiveClient.swift */ = {isa = PBXFileReference; lastKnownFileType = sourcecode.swift; path = ArchiveClient.swift; sourceTree = "<group>"; };
		42245A67239E0ACC004A8E89 /* ContentRow.swift */ = {isa = PBXFileReference; lastKnownFileType = sourcecode.swift; path = ContentRow.swift; sourceTree = "<group>"; };
		42245A69239E0ADC004A8E89 /* AudioBar.swift */ = {isa = PBXFileReference; lastKnownFileType = sourcecode.swift; path = AudioBar.swift; sourceTree = "<group>"; };
		42245A6B239E0BEE004A8E89 /* Song.swift */ = {isa = PBXFileReference; lastKnownFileType = sourcecode.swift; path = Song.swift; sourceTree = "<group>"; };
		42245A6D239E0BF6004A8E89 /* Artist.swift */ = {isa = PBXFileReference; lastKnownFileType = sourcecode.swift; path = Artist.swift; sourceTree = "<group>"; };
		42245A6F239E0BFE004A8E89 /* Album.swift */ = {isa = PBXFileReference; lastKnownFileType = sourcecode.swift; path = Album.swift; sourceTree = "<group>"; };
		42245A71239E0C09004A8E89 /* Playlist.swift */ = {isa = PBXFileReference; lastKnownFileType = sourcecode.swift; path = Playlist.swift; sourceTree = "<group>"; };
		4282160823A6F56900180FBE /* ContentObserver.swift */ = {isa = PBXFileReference; lastKnownFileType = sourcecode.swift; path = ContentObserver.swift; sourceTree = "<group>"; };
		4282160A23A7003600180FBE /* AudioPlayer.swift */ = {isa = PBXFileReference; lastKnownFileType = sourcecode.swift; path = AudioPlayer.swift; sourceTree = "<group>"; };
		4282160C23A8B26A00180FBE /* MusicArchive-SwiftUI.entitlements */ = {isa = PBXFileReference; lastKnownFileType = text.plist.entitlements; path = "MusicArchive-SwiftUI.entitlements"; sourceTree = "<group>"; };
		4DBC4EEC23AC3B6C006BD946 /* Array+Extensions.swift */ = {isa = PBXFileReference; lastKnownFileType = sourcecode.swift; path = "Array+Extensions.swift"; sourceTree = "<group>"; };
/* End PBXFileReference section */

/* Begin PBXFrameworksBuildPhase section */
		42245A28239DF8DD004A8E89 /* Frameworks */ = {
			isa = PBXFrameworksBuildPhase;
			buildActionMask = 2147483647;
			files = (
			);
			runOnlyForDeploymentPostprocessing = 0;
		};
		42245A3E239DF8E3004A8E89 /* Frameworks */ = {
			isa = PBXFrameworksBuildPhase;
			buildActionMask = 2147483647;
			files = (
			);
			runOnlyForDeploymentPostprocessing = 0;
		};
		42245A49239DF8E3004A8E89 /* Frameworks */ = {
			isa = PBXFrameworksBuildPhase;
			buildActionMask = 2147483647;
			files = (
			);
			runOnlyForDeploymentPostprocessing = 0;
		};
/* End PBXFrameworksBuildPhase section */

/* Begin PBXGroup section */
		42245A22239DF8DD004A8E89 = {
			isa = PBXGroup;
			children = (
				42245A2D239DF8DD004A8E89 /* MusicArchive-SwiftUI */,
				42245A44239DF8E3004A8E89 /* MusicArchive-SwiftUITests */,
				42245A4F239DF8E3004A8E89 /* MusicArchive-SwiftUIUITests */,
				42245A2C239DF8DD004A8E89 /* Products */,
			);
			sourceTree = "<group>";
		};
		42245A2C239DF8DD004A8E89 /* Products */ = {
			isa = PBXGroup;
			children = (
				42245A2B239DF8DD004A8E89 /* MusicArchive-SwiftUI.app */,
				42245A41239DF8E3004A8E89 /* MusicArchive-SwiftUITests.xctest */,
				42245A4C239DF8E3004A8E89 /* MusicArchive-SwiftUIUITests.xctest */,
			);
			name = Products;
			sourceTree = "<group>";
		};
		42245A2D239DF8DD004A8E89 /* MusicArchive-SwiftUI */ = {
			isa = PBXGroup;
			children = (
				4282160C23A8B26A00180FBE /* MusicArchive-SwiftUI.entitlements */,
				4DBC4EEB23AC3B3E006BD946 /* Extensions */,
				42245A62239E0881004A8E89 /* Views */,
				42245A5F239E0788004A8E89 /* Models */,
				42245A2E239DF8DD004A8E89 /* AppDelegate.swift */,
				42245A30239DF8DD004A8E89 /* SceneDelegate.swift */,
				42245A34239DF8E2004A8E89 /* Assets.xcassets */,
				42245A39239DF8E2004A8E89 /* LaunchScreen.storyboard */,
				42245A3C239DF8E2004A8E89 /* Info.plist */,
				42245A36239DF8E2004A8E89 /* Preview Content */,
			);
			path = "MusicArchive-SwiftUI";
			sourceTree = "<group>";
		};
		42245A36239DF8E2004A8E89 /* Preview Content */ = {
			isa = PBXGroup;
			children = (
				42245A37239DF8E2004A8E89 /* Preview Assets.xcassets */,
			);
			path = "Preview Content";
			sourceTree = "<group>";
		};
		42245A44239DF8E3004A8E89 /* MusicArchive-SwiftUITests */ = {
			isa = PBXGroup;
			children = (
				42245A45239DF8E3004A8E89 /* MusicArchive_SwiftUITests.swift */,
				42245A47239DF8E3004A8E89 /* Info.plist */,
			);
			path = "MusicArchive-SwiftUITests";
			sourceTree = "<group>";
		};
		42245A4F239DF8E3004A8E89 /* MusicArchive-SwiftUIUITests */ = {
			isa = PBXGroup;
			children = (
				42245A50239DF8E3004A8E89 /* MusicArchive_SwiftUIUITests.swift */,
				42245A52239DF8E3004A8E89 /* Info.plist */,
			);
			path = "MusicArchive-SwiftUIUITests";
			sourceTree = "<group>";
		};
		42245A5F239E0788004A8E89 /* Models */ = {
			isa = PBXGroup;
			children = (
				42245A60239E07AF004A8E89 /* ArchiveClient.swift */,
				42245A6B239E0BEE004A8E89 /* Song.swift */,
				42245A6D239E0BF6004A8E89 /* Artist.swift */,
				42245A6F239E0BFE004A8E89 /* Album.swift */,
				42245A71239E0C09004A8E89 /* Playlist.swift */,
				4282160823A6F56900180FBE /* ContentObserver.swift */,
				4282160A23A7003600180FBE /* AudioPlayer.swift */,
			);
			path = Models;
			sourceTree = "<group>";
		};
		42245A62239E0881004A8E89 /* Views */ = {
			isa = PBXGroup;
			children = (
				42245A32239DF8DD004A8E89 /* ContentView.swift */,
				42245A67239E0ACC004A8E89 /* ContentRow.swift */,
				42245A69239E0ADC004A8E89 /* AudioBar.swift */,
			);
			path = Views;
			sourceTree = "<group>";
		};
		4DBC4EEB23AC3B3E006BD946 /* Extensions */ = {
			isa = PBXGroup;
			children = (
				4DBC4EEC23AC3B6C006BD946 /* Array+Extensions.swift */,
			);
			path = Extensions;
			sourceTree = "<group>";
		};
/* End PBXGroup section */

/* Begin PBXNativeTarget section */
		42245A2A239DF8DD004A8E89 /* MusicArchive-SwiftUI */ = {
			isa = PBXNativeTarget;
			buildConfigurationList = 42245A55239DF8E3004A8E89 /* Build configuration list for PBXNativeTarget "MusicArchive-SwiftUI" */;
			buildPhases = (
				42245A27239DF8DD004A8E89 /* Sources */,
				42245A28239DF8DD004A8E89 /* Frameworks */,
				42245A29239DF8DD004A8E89 /* Resources */,
			);
			buildRules = (
			);
			dependencies = (
			);
			name = "MusicArchive-SwiftUI";
			productName = "MusicArchive-SwiftUI";
			productReference = 42245A2B239DF8DD004A8E89 /* MusicArchive-SwiftUI.app */;
			productType = "com.apple.product-type.application";
		};
		42245A40239DF8E3004A8E89 /* MusicArchive-SwiftUITests */ = {
			isa = PBXNativeTarget;
			buildConfigurationList = 42245A58239DF8E3004A8E89 /* Build configuration list for PBXNativeTarget "MusicArchive-SwiftUITests" */;
			buildPhases = (
				42245A3D239DF8E3004A8E89 /* Sources */,
				42245A3E239DF8E3004A8E89 /* Frameworks */,
				42245A3F239DF8E3004A8E89 /* Resources */,
			);
			buildRules = (
			);
			dependencies = (
				42245A43239DF8E3004A8E89 /* PBXTargetDependency */,
			);
			name = "MusicArchive-SwiftUITests";
			productName = "MusicArchive-SwiftUITests";
			productReference = 42245A41239DF8E3004A8E89 /* MusicArchive-SwiftUITests.xctest */;
			productType = "com.apple.product-type.bundle.unit-test";
		};
		42245A4B239DF8E3004A8E89 /* MusicArchive-SwiftUIUITests */ = {
			isa = PBXNativeTarget;
			buildConfigurationList = 42245A5B239DF8E3004A8E89 /* Build configuration list for PBXNativeTarget "MusicArchive-SwiftUIUITests" */;
			buildPhases = (
				42245A48239DF8E3004A8E89 /* Sources */,
				42245A49239DF8E3004A8E89 /* Frameworks */,
				42245A4A239DF8E3004A8E89 /* Resources */,
			);
			buildRules = (
			);
			dependencies = (
				42245A4E239DF8E3004A8E89 /* PBXTargetDependency */,
			);
			name = "MusicArchive-SwiftUIUITests";
			productName = "MusicArchive-SwiftUIUITests";
			productReference = 42245A4C239DF8E3004A8E89 /* MusicArchive-SwiftUIUITests.xctest */;
			productType = "com.apple.product-type.bundle.ui-testing";
		};
/* End PBXNativeTarget section */

/* Begin PBXProject section */
		42245A23239DF8DD004A8E89 /* Project object */ = {
			isa = PBXProject;
			attributes = {
				LastSwiftUpdateCheck = 1120;
				LastUpgradeCheck = 1120;
				ORGANIZATIONNAME = joshua;
				TargetAttributes = {
					42245A2A239DF8DD004A8E89 = {
						CreatedOnToolsVersion = 11.2.1;
					};
					42245A40239DF8E3004A8E89 = {
						CreatedOnToolsVersion = 11.2.1;
						TestTargetID = 42245A2A239DF8DD004A8E89;
					};
					42245A4B239DF8E3004A8E89 = {
						CreatedOnToolsVersion = 11.2.1;
						TestTargetID = 42245A2A239DF8DD004A8E89;
					};
				};
			};
			buildConfigurationList = 42245A26239DF8DD004A8E89 /* Build configuration list for PBXProject "MusicArchive-SwiftUI" */;
			compatibilityVersion = "Xcode 9.3";
			developmentRegion = en;
			hasScannedForEncodings = 0;
			knownRegions = (
				en,
				Base,
			);
			mainGroup = 42245A22239DF8DD004A8E89;
			productRefGroup = 42245A2C239DF8DD004A8E89 /* Products */;
			projectDirPath = "";
			projectRoot = "";
			targets = (
				42245A2A239DF8DD004A8E89 /* MusicArchive-SwiftUI */,
				42245A40239DF8E3004A8E89 /* MusicArchive-SwiftUITests */,
				42245A4B239DF8E3004A8E89 /* MusicArchive-SwiftUIUITests */,
			);
		};
/* End PBXProject section */

/* Begin PBXResourcesBuildPhase section */
		42245A29239DF8DD004A8E89 /* Resources */ = {
			isa = PBXResourcesBuildPhase;
			buildActionMask = 2147483647;
			files = (
				42245A3B239DF8E2004A8E89 /* LaunchScreen.storyboard in Resources */,
				42245A38239DF8E2004A8E89 /* Preview Assets.xcassets in Resources */,
				42245A35239DF8E2004A8E89 /* Assets.xcassets in Resources */,
			);
			runOnlyForDeploymentPostprocessing = 0;
		};
		42245A3F239DF8E3004A8E89 /* Resources */ = {
			isa = PBXResourcesBuildPhase;
			buildActionMask = 2147483647;
			files = (
			);
			runOnlyForDeploymentPostprocessing = 0;
		};
		42245A4A239DF8E3004A8E89 /* Resources */ = {
			isa = PBXResourcesBuildPhase;
			buildActionMask = 2147483647;
			files = (
			);
			runOnlyForDeploymentPostprocessing = 0;
		};
/* End PBXResourcesBuildPhase section */

/* Begin PBXSourcesBuildPhase section */
		42245A27239DF8DD004A8E89 /* Sources */ = {
			isa = PBXSourcesBuildPhase;
			buildActionMask = 2147483647;
			files = (
				42245A6C239E0BEE004A8E89 /* Song.swift in Sources */,
				4282160923A6F56900180FBE /* ContentObserver.swift in Sources */,
				42245A2F239DF8DD004A8E89 /* AppDelegate.swift in Sources */,
				42245A31239DF8DD004A8E89 /* SceneDelegate.swift in Sources */,
				42245A6A239E0ADC004A8E89 /* AudioBar.swift in Sources */,
				42245A33239DF8DD004A8E89 /* ContentView.swift in Sources */,
				42245A70239E0BFE004A8E89 /* Album.swift in Sources */,
				42245A68239E0ACC004A8E89 /* ContentRow.swift in Sources */,
				42245A6E239E0BF6004A8E89 /* Artist.swift in Sources */,
				4DBC4EED23AC3B6C006BD946 /* Array+Extensions.swift in Sources */,
				42245A61239E07AF004A8E89 /* ArchiveClient.swift in Sources */,
				42245A72239E0C09004A8E89 /* Playlist.swift in Sources */,
				4282160B23A7003600180FBE /* AudioPlayer.swift in Sources */,
			);
			runOnlyForDeploymentPostprocessing = 0;
		};
		42245A3D239DF8E3004A8E89 /* Sources */ = {
			isa = PBXSourcesBuildPhase;
			buildActionMask = 2147483647;
			files = (
				42245A46239DF8E3004A8E89 /* MusicArchive_SwiftUITests.swift in Sources */,
			);
			runOnlyForDeploymentPostprocessing = 0;
		};
		42245A48239DF8E3004A8E89 /* Sources */ = {
			isa = PBXSourcesBuildPhase;
			buildActionMask = 2147483647;
			files = (
				42245A51239DF8E3004A8E89 /* MusicArchive_SwiftUIUITests.swift in Sources */,
			);
			runOnlyForDeploymentPostprocessing = 0;
		};
/* End PBXSourcesBuildPhase section */

/* Begin PBXTargetDependency section */
		42245A43239DF8E3004A8E89 /* PBXTargetDependency */ = {
			isa = PBXTargetDependency;
			target = 42245A2A239DF8DD004A8E89 /* MusicArchive-SwiftUI */;
			targetProxy = 42245A42239DF8E3004A8E89 /* PBXContainerItemProxy */;
		};
		42245A4E239DF8E3004A8E89 /* PBXTargetDependency */ = {
			isa = PBXTargetDependency;
			target = 42245A2A239DF8DD004A8E89 /* MusicArchive-SwiftUI */;
			targetProxy = 42245A4D239DF8E3004A8E89 /* PBXContainerItemProxy */;
		};
/* End PBXTargetDependency section */

/* Begin PBXVariantGroup section */
		42245A39239DF8E2004A8E89 /* LaunchScreen.storyboard */ = {
			isa = PBXVariantGroup;
			children = (
				42245A3A239DF8E2004A8E89 /* Base */,
			);
			name = LaunchScreen.storyboard;
			sourceTree = "<group>";
		};
/* End PBXVariantGroup section */

/* Begin XCBuildConfiguration section */
		42245A53239DF8E3004A8E89 /* Debug */ = {
			isa = XCBuildConfiguration;
			buildSettings = {
				ALWAYS_SEARCH_USER_PATHS = NO;
				CLANG_ANALYZER_NONNULL = YES;
				CLANG_ANALYZER_NUMBER_OBJECT_CONVERSION = YES_AGGRESSIVE;
				CLANG_CXX_LANGUAGE_STANDARD = "gnu++14";
				CLANG_CXX_LIBRARY = "libc++";
				CLANG_ENABLE_MODULES = YES;
				CLANG_ENABLE_OBJC_ARC = YES;
				CLANG_ENABLE_OBJC_WEAK = YES;
				CLANG_WARN_BLOCK_CAPTURE_AUTORELEASING = YES;
				CLANG_WARN_BOOL_CONVERSION = YES;
				CLANG_WARN_COMMA = YES;
				CLANG_WARN_CONSTANT_CONVERSION = YES;
				CLANG_WARN_DEPRECATED_OBJC_IMPLEMENTATIONS = YES;
				CLANG_WARN_DIRECT_OBJC_ISA_USAGE = YES_ERROR;
				CLANG_WARN_DOCUMENTATION_COMMENTS = YES;
				CLANG_WARN_EMPTY_BODY = YES;
				CLANG_WARN_ENUM_CONVERSION = YES;
				CLANG_WARN_INFINITE_RECURSION = YES;
				CLANG_WARN_INT_CONVERSION = YES;
				CLANG_WARN_NON_LITERAL_NULL_CONVERSION = YES;
				CLANG_WARN_OBJC_IMPLICIT_RETAIN_SELF = YES;
				CLANG_WARN_OBJC_LITERAL_CONVERSION = YES;
				CLANG_WARN_OBJC_ROOT_CLASS = YES_ERROR;
				CLANG_WARN_RANGE_LOOP_ANALYSIS = YES;
				CLANG_WARN_STRICT_PROTOTYPES = YES;
				CLANG_WARN_SUSPICIOUS_MOVE = YES;
				CLANG_WARN_UNGUARDED_AVAILABILITY = YES_AGGRESSIVE;
				CLANG_WARN_UNREACHABLE_CODE = YES;
				CLANG_WARN__DUPLICATE_METHOD_MATCH = YES;
				COPY_PHASE_STRIP = NO;
				DEBUG_INFORMATION_FORMAT = dwarf;
				ENABLE_STRICT_OBJC_MSGSEND = YES;
				ENABLE_TESTABILITY = YES;
				GCC_C_LANGUAGE_STANDARD = gnu11;
				GCC_DYNAMIC_NO_PIC = NO;
				GCC_NO_COMMON_BLOCKS = YES;
				GCC_OPTIMIZATION_LEVEL = 0;
				GCC_PREPROCESSOR_DEFINITIONS = (
					"DEBUG=1",
					"$(inherited)",
				);
				GCC_WARN_64_TO_32_BIT_CONVERSION = YES;
				GCC_WARN_ABOUT_RETURN_TYPE = YES_ERROR;
				GCC_WARN_UNDECLARED_SELECTOR = YES;
				GCC_WARN_UNINITIALIZED_AUTOS = YES_AGGRESSIVE;
				GCC_WARN_UNUSED_FUNCTION = YES;
				GCC_WARN_UNUSED_VARIABLE = YES;
				IPHONEOS_DEPLOYMENT_TARGET = 13.2;
				MTL_ENABLE_DEBUG_INFO = INCLUDE_SOURCE;
				MTL_FAST_MATH = YES;
				ONLY_ACTIVE_ARCH = YES;
				SDKROOT = iphoneos;
				SWIFT_ACTIVE_COMPILATION_CONDITIONS = DEBUG;
				SWIFT_OPTIMIZATION_LEVEL = "-Onone";
			};
			name = Debug;
		};
		42245A54239DF8E3004A8E89 /* Release */ = {
			isa = XCBuildConfiguration;
			buildSettings = {
				ALWAYS_SEARCH_USER_PATHS = NO;
				CLANG_ANALYZER_NONNULL = YES;
				CLANG_ANALYZER_NUMBER_OBJECT_CONVERSION = YES_AGGRESSIVE;
				CLANG_CXX_LANGUAGE_STANDARD = "gnu++14";
				CLANG_CXX_LIBRARY = "libc++";
				CLANG_ENABLE_MODULES = YES;
				CLANG_ENABLE_OBJC_ARC = YES;
				CLANG_ENABLE_OBJC_WEAK = YES;
				CLANG_WARN_BLOCK_CAPTURE_AUTORELEASING = YES;
				CLANG_WARN_BOOL_CONVERSION = YES;
				CLANG_WARN_COMMA = YES;
				CLANG_WARN_CONSTANT_CONVERSION = YES;
				CLANG_WARN_DEPRECATED_OBJC_IMPLEMENTATIONS = YES;
				CLANG_WARN_DIRECT_OBJC_ISA_USAGE = YES_ERROR;
				CLANG_WARN_DOCUMENTATION_COMMENTS = YES;
				CLANG_WARN_EMPTY_BODY = YES;
				CLANG_WARN_ENUM_CONVERSION = YES;
				CLANG_WARN_INFINITE_RECURSION = YES;
				CLANG_WARN_INT_CONVERSION = YES;
				CLANG_WARN_NON_LITERAL_NULL_CONVERSION = YES;
				CLANG_WARN_OBJC_IMPLICIT_RETAIN_SELF = YES;
				CLANG_WARN_OBJC_LITERAL_CONVERSION = YES;
				CLANG_WARN_OBJC_ROOT_CLASS = YES_ERROR;
				CLANG_WARN_RANGE_LOOP_ANALYSIS = YES;
				CLANG_WARN_STRICT_PROTOTYPES = YES;
				CLANG_WARN_SUSPICIOUS_MOVE = YES;
				CLANG_WARN_UNGUARDED_AVAILABILITY = YES_AGGRESSIVE;
				CLANG_WARN_UNREACHABLE_CODE = YES;
				CLANG_WARN__DUPLICATE_METHOD_MATCH = YES;
				COPY_PHASE_STRIP = NO;
				DEBUG_INFORMATION_FORMAT = "dwarf-with-dsym";
				ENABLE_NS_ASSERTIONS = NO;
				ENABLE_STRICT_OBJC_MSGSEND = YES;
				GCC_C_LANGUAGE_STANDARD = gnu11;
				GCC_NO_COMMON_BLOCKS = YES;
				GCC_WARN_64_TO_32_BIT_CONVERSION = YES;
				GCC_WARN_ABOUT_RETURN_TYPE = YES_ERROR;
				GCC_WARN_UNDECLARED_SELECTOR = YES;
				GCC_WARN_UNINITIALIZED_AUTOS = YES_AGGRESSIVE;
				GCC_WARN_UNUSED_FUNCTION = YES;
				GCC_WARN_UNUSED_VARIABLE = YES;
				IPHONEOS_DEPLOYMENT_TARGET = 13.2;
				MTL_ENABLE_DEBUG_INFO = NO;
				MTL_FAST_MATH = YES;
				SDKROOT = iphoneos;
				SWIFT_COMPILATION_MODE = wholemodule;
				SWIFT_OPTIMIZATION_LEVEL = "-O";
				VALIDATE_PRODUCT = YES;
			};
			name = Release;
		};
		42245A56239DF8E3004A8E89 /* Debug */ = {
			isa = XCBuildConfiguration;
			buildSettings = {
				ASSETCATALOG_COMPILER_APPICON_NAME = AppIcon;
				CODE_SIGN_ENTITLEMENTS = "MusicArchive-SwiftUI/MusicArchive-SwiftUI.entitlements";
				CODE_SIGN_STYLE = Automatic;
				DEVELOPMENT_ASSET_PATHS = "\"MusicArchive-SwiftUI/Preview Content\"";
				DEVELOPMENT_TEAM = USA68D3ZMC;
				ENABLE_PREVIEWS = YES;
				INFOPLIST_FILE = "MusicArchive-SwiftUI/Info.plist";
				LD_RUNPATH_SEARCH_PATHS = (
					"$(inherited)",
					"@executable_path/Frameworks",
				);
				PRODUCT_BUNDLE_IDENTIFIER = "joshuae.MusicArchive-SwiftUI";
				PRODUCT_NAME = "$(TARGET_NAME)";
				SUPPORTS_MACCATALYST = NO;
				SWIFT_VERSION = 5.0;
				TARGETED_DEVICE_FAMILY = "1,2";
			};
			name = Debug;
		};
		42245A57239DF8E3004A8E89 /* Release */ = {
			isa = XCBuildConfiguration;
			buildSettings = {
				ASSETCATALOG_COMPILER_APPICON_NAME = AppIcon;
				CODE_SIGN_ENTITLEMENTS = "MusicArchive-SwiftUI/MusicArchive-SwiftUI.entitlements";
				CODE_SIGN_STYLE = Automatic;
				DEVELOPMENT_ASSET_PATHS = "\"MusicArchive-SwiftUI/Preview Content\"";
				DEVELOPMENT_TEAM = USA68D3ZMC;
				ENABLE_PREVIEWS = YES;
				INFOPLIST_FILE = "MusicArchive-SwiftUI/Info.plist";
				LD_RUNPATH_SEARCH_PATHS = (
					"$(inherited)",
					"@executable_path/Frameworks",
				);
				PRODUCT_BUNDLE_IDENTIFIER = "joshuae.MusicArchive-SwiftUI";
				PRODUCT_NAME = "$(TARGET_NAME)";
				SUPPORTS_MACCATALYST = NO;
				SWIFT_VERSION = 5.0;
				TARGETED_DEVICE_FAMILY = "1,2";
			};
			name = Release;
		};
		42245A59239DF8E3004A8E89 /* Debug */ = {
			isa = XCBuildConfiguration;
			buildSettings = {
				ALWAYS_EMBED_SWIFT_STANDARD_LIBRARIES = YES;
				BUNDLE_LOADER = "$(TEST_HOST)";
				CODE_SIGN_STYLE = Automatic;
				INFOPLIST_FILE = "MusicArchive-SwiftUITests/Info.plist";
				IPHONEOS_DEPLOYMENT_TARGET = 13.2;
				LD_RUNPATH_SEARCH_PATHS = (
					"$(inherited)",
					"@executable_path/Frameworks",
					"@loader_path/Frameworks",
				);
				PRODUCT_BUNDLE_IDENTIFIER = "joshuae.MusicArchive-SwiftUITests";
				PRODUCT_NAME = "$(TARGET_NAME)";
				SWIFT_VERSION = 5.0;
				TARGETED_DEVICE_FAMILY = "1,2";
				TEST_HOST = "$(BUILT_PRODUCTS_DIR)/MusicArchive-SwiftUI.app/MusicArchive-SwiftUI";
			};
			name = Debug;
		};
		42245A5A239DF8E3004A8E89 /* Release */ = {
			isa = XCBuildConfiguration;
			buildSettings = {
				ALWAYS_EMBED_SWIFT_STANDARD_LIBRARIES = YES;
				BUNDLE_LOADER = "$(TEST_HOST)";
				CODE_SIGN_STYLE = Automatic;
				INFOPLIST_FILE = "MusicArchive-SwiftUITests/Info.plist";
				IPHONEOS_DEPLOYMENT_TARGET = 13.2;
				LD_RUNPATH_SEARCH_PATHS = (
					"$(inherited)",
					"@executable_path/Frameworks",
					"@loader_path/Frameworks",
				);
				PRODUCT_BUNDLE_IDENTIFIER = "joshuae.MusicArchive-SwiftUITests";
				PRODUCT_NAME = "$(TARGET_NAME)";
				SWIFT_VERSION = 5.0;
				TARGETED_DEVICE_FAMILY = "1,2";
				TEST_HOST = "$(BUILT_PRODUCTS_DIR)/MusicArchive-SwiftUI.app/MusicArchive-SwiftUI";
			};
			name = Release;
		};
		42245A5C239DF8E3004A8E89 /* Debug */ = {
			isa = XCBuildConfiguration;
			buildSettings = {
				ALWAYS_EMBED_SWIFT_STANDARD_LIBRARIES = YES;
				CODE_SIGN_STYLE = Automatic;
				INFOPLIST_FILE = "MusicArchive-SwiftUIUITests/Info.plist";
				LD_RUNPATH_SEARCH_PATHS = (
					"$(inherited)",
					"@executable_path/Frameworks",
					"@loader_path/Frameworks",
				);
				PRODUCT_BUNDLE_IDENTIFIER = "joshuae.MusicArchive-SwiftUIUITests";
				PRODUCT_NAME = "$(TARGET_NAME)";
				SWIFT_VERSION = 5.0;
				TARGETED_DEVICE_FAMILY = "1,2";
				TEST_TARGET_NAME = "MusicArchive-SwiftUI";
			};
			name = Debug;
		};
		42245A5D239DF8E3004A8E89 /* Release */ = {
			isa = XCBuildConfiguration;
			buildSettings = {
				ALWAYS_EMBED_SWIFT_STANDARD_LIBRARIES = YES;
				CODE_SIGN_STYLE = Automatic;
				INFOPLIST_FILE = "MusicArchive-SwiftUIUITests/Info.plist";
				LD_RUNPATH_SEARCH_PATHS = (
					"$(inherited)",
					"@executable_path/Frameworks",
					"@loader_path/Frameworks",
				);
				PRODUCT_BUNDLE_IDENTIFIER = "joshuae.MusicArchive-SwiftUIUITests";
				PRODUCT_NAME = "$(TARGET_NAME)";
				SWIFT_VERSION = 5.0;
				TARGETED_DEVICE_FAMILY = "1,2";
				TEST_TARGET_NAME = "MusicArchive-SwiftUI";
			};
			name = Release;
		};
/* End XCBuildConfiguration section */

/* Begin XCConfigurationList section */
		42245A26239DF8DD004A8E89 /* Build configuration list for PBXProject "MusicArchive-SwiftUI" */ = {
			isa = XCConfigurationList;
			buildConfigurations = (
				42245A53239DF8E3004A8E89 /* Debug */,
				42245A54239DF8E3004A8E89 /* Release */,
			);
			defaultConfigurationIsVisible = 0;
			defaultConfigurationName = Release;
		};
		42245A55239DF8E3004A8E89 /* Build configuration list for PBXNativeTarget "MusicArchive-SwiftUI" */ = {
			isa = XCConfigurationList;
			buildConfigurations = (
				42245A56239DF8E3004A8E89 /* Debug */,
				42245A57239DF8E3004A8E89 /* Release */,
			);
			defaultConfigurationIsVisible = 0;
			defaultConfigurationName = Release;
		};
		42245A58239DF8E3004A8E89 /* Build configuration list for PBXNativeTarget "MusicArchive-SwiftUITests" */ = {
			isa = XCConfigurationList;
			buildConfigurations = (
				42245A59239DF8E3004A8E89 /* Debug */,
				42245A5A239DF8E3004A8E89 /* Release */,
			);
			defaultConfigurationIsVisible = 0;
			defaultConfigurationName = Release;
		};
		42245A5B239DF8E3004A8E89 /* Build configuration list for PBXNativeTarget "MusicArchive-SwiftUIUITests" */ = {
			isa = XCConfigurationList;
			buildConfigurations = (
				42245A5C239DF8E3004A8E89 /* Debug */,
				42245A5D239DF8E3004A8E89 /* Release */,
			);
			defaultConfigurationIsVisible = 0;
			defaultConfigurationName = Release;
		};
/* End XCConfigurationList section */
	};
	rootObject = 42245A23239DF8DD004A8E89 /* Project object */;
}
